<?xml version="1.0" encoding="utf-8"?>
<Project ToolsVersion="4.0" xmlns="http://schemas.microsoft.com/developer/msbuild/2003">
  <ItemGroup>
    <Filter Include="소스 파일">
      <UniqueIdentifier>{4FC737F1-C7A5-4376-A066-2A32D752A2FF}</UniqueIdentifier>
      <Extensions>cpp;c;cc;cxx;def;odl;idl;hpj;bat;asm;asmx</Extensions>
    </Filter>
    <Filter Include="헤더 파일">
      <UniqueIdentifier>{93995380-89BD-4b04-88EB-625FBE52EBFB}</UniqueIdentifier>
      <Extensions>h;hh;hpp;hxx;hm;inl;inc;xsd</Extensions>
    </Filter>
    <Filter Include="리소스 파일">
      <UniqueIdentifier>{67DA6AB6-F800-4c08-8B7A-83BB121AAD01}</UniqueIdentifier>
      <Extensions>rc;ico;cur;bmp;dlg;rc2;rct;bin;rgs;gif;jpg;jpeg;jpe;resx;tiff;tif;png;wav;mfcribbon-ms</Extensions>
    </Filter>
    <Filter Include="소스 파일\기초">
      <UniqueIdentifier>{a98a85c7-c92c-491a-8769-10ed3f1934c1}</UniqueIdentifier>
    </Filter>
    <Filter Include="소스 파일\문자열">
      <UniqueIdentifier>{eef57358-7394-4873-8e4f-4fb7e793e663}</UniqueIdentifier>
    </Filter>
    <Filter Include="소스 파일\KMP">
      <UniqueIdentifier>{2e090029-cc39-4d99-ae90-3919062b680b}</UniqueIdentifier>
    </Filter>
  </ItemGroup>
  <ItemGroup>
    <ClCompile Include="1924 2007년.cpp">
      <Filter>소스 파일\기초</Filter>
    </ClCompile>
    <ClCompile Include="1977 완전제곱수.cpp">
      <Filter>소스 파일\기초</Filter>
    </ClCompile>
    <ClCompile Include="2003 수들의 합 2.cpp">
      <Filter>소스 파일\기초</Filter>
    </ClCompile>
    <ClCompile Include="2490 윷놀이.cpp">
      <Filter>소스 파일\기초</Filter>
    </ClCompile>
    <ClCompile Include="2577 숫자의 개수.cpp">
      <Filter>소스 파일\기초</Filter>
    </ClCompile>
    <ClCompile Include="2741 N찍기.cpp">
      <Filter>소스 파일\기초</Filter>
    </ClCompile>
    <ClCompile Include="2839 설탕배달.cpp">
      <Filter>소스 파일\기초</Filter>
    </ClCompile>
    <ClCompile Include="2920 음계.cpp">
      <Filter>소스 파일\기초</Filter>
    </ClCompile>
    <ClCompile Include="4344 평균은 넘겠지.cpp">
      <Filter>소스 파일\기초</Filter>
    </ClCompile>
    <ClCompile Include="4673 셀프넘버.cpp">
      <Filter>소스 파일\기초</Filter>
    </ClCompile>
    <ClCompile Include="8393 합.cpp">
      <Filter>소스 파일\기초</Filter>
    </ClCompile>
    <ClCompile Include="9498 시험성적.cpp">
      <Filter>소스 파일\기초</Filter>
    </ClCompile>
    <ClCompile Include="10039 평균 점수.cpp">
      <Filter>소스 파일\기초</Filter>
    </ClCompile>
    <ClCompile Include="10817 세 수.cpp">
      <Filter>소스 파일\기초</Filter>
    </ClCompile>
    <ClCompile Include="10871 X보다 작은 수.cpp">
      <Filter>소스 파일\기초</Filter>
    </ClCompile>
    <ClCompile Include="11718 그대로 출력하기.cpp">
      <Filter>소스 파일\기초</Filter>
    </ClCompile>
    <ClCompile Include="11720 숫자의 합.cpp">
      <Filter>소스 파일\기초</Filter>
    </ClCompile>
    <ClCompile Include="11721 열 개씩 끊어 출력하기.cpp">
      <Filter>소스 파일\기초</Filter>
    </ClCompile>
    <ClCompile Include="15552 빠른 A+B.cpp">
      <Filter>소스 파일\기초</Filter>
    </ClCompile>
    <ClCompile Include="1152 단어의 개수.cpp">
      <Filter>소스 파일\문자열</Filter>
    </ClCompile>
    <ClCompile Include="1157 단어 공부.cpp">
      <Filter>소스 파일\문자열</Filter>
    </ClCompile>
    <ClCompile Include="1316 그룹 단어 체커.cpp">
      <Filter>소스 파일\문자열</Filter>
    </ClCompile>
    <ClCompile Include="2675 문자열 반복.cpp">
      <Filter>소스 파일\문자열</Filter>
    </ClCompile>
    <ClCompile Include="2908 상수.cpp">
      <Filter>소스 파일\문자열</Filter>
    </ClCompile>
    <ClCompile Include="2941 크로아티아 알파벳.cpp">
      <Filter>소스 파일\문자열</Filter>
    </ClCompile>
    <ClCompile Include="3033 가장 긴 문자열.cpp">
      <Filter>소스 파일\문자열</Filter>
    </ClCompile>
    <ClCompile Include="5622 다이얼.cpp">
      <Filter>소스 파일\문자열</Filter>
    </ClCompile>
    <ClCompile Include="8958 OX퀴즈.cpp">
      <Filter>소스 파일\문자열</Filter>
    </ClCompile>
    <ClCompile Include="10809 알파벳 찾기.cpp">
      <Filter>소스 파일\문자열</Filter>
    </ClCompile>
    <ClCompile Include="11654 아스키 코드.cpp">
      <Filter>소스 파일\문자열</Filter>
    </ClCompile>
    <ClCompile Include="1786 찾기.cpp">
      <Filter>소스 파일\KMP</Filter>
    </ClCompile>
  </ItemGroup>
</Project>