<?xml version="1.0" encoding="utf-8"?>
<Project ToolsVersion="4.0" xmlns="http://schemas.microsoft.com/developer/msbuild/2003">
  <ItemGroup>
    <Filter Include="소스 파일">
      <UniqueIdentifier>{4FC737F1-C7A5-4376-A066-2A32D752A2FF}</UniqueIdentifier>
      <Extensions>cpp;c;cc;cxx;def;odl;idl;hpj;bat;asm;asmx</Extensions>
    </Filter>
    <Filter Include="헤더 파일">
      <UniqueIdentifier>{93995380-89BD-4b04-88EB-625FBE52EBFB}</UniqueIdentifier>
      <Extensions>h;hh;hpp;hxx;hm;inl;inc;xsd</Extensions>
    </Filter>
    <Filter Include="리소스 파일">
      <UniqueIdentifier>{67DA6AB6-F800-4c08-8B7A-83BB121AAD01}</UniqueIdentifier>
      <Extensions>rc;ico;cur;bmp;dlg;rc2;rct;bin;rgs;gif;jpg;jpeg;jpe;resx;tiff;tif;png;wav;mfcribbon-ms</Extensions>
    </Filter>
    <Filter Include="소스 파일\기초">
      <UniqueIdentifier>{a98a85c7-c92c-491a-8769-10ed3f1934c1}</UniqueIdentifier>
    </Filter>
    <Filter Include="소스 파일\문자열">
      <UniqueIdentifier>{eef57358-7394-4873-8e4f-4fb7e793e663}</UniqueIdentifier>
    </Filter>
    <Filter Include="소스 파일\KMP">
      <UniqueIdentifier>{2e090029-cc39-4d99-ae90-3919062b680b}</UniqueIdentifier>
    </Filter>
    <Filter Include="소스 파일\BFS &amp; DFS">
      <UniqueIdentifier>{aa8db5b5-7cef-4580-baa1-659b329fc6da}</UniqueIdentifier>
    </Filter>
    <Filter Include="소스 파일\Disjoint-set%28Union Find%29">
      <UniqueIdentifier>{c320f635-c1d3-4b5e-af19-db5a1bbbe00a}</UniqueIdentifier>
    </Filter>
    <Filter Include="소스 파일\Divide &amp; Conquer">
      <UniqueIdentifier>{a0038dc9-c7e6-4ec7-92da-ddd390dc921c}</UniqueIdentifier>
    </Filter>
    <Filter Include="소스 파일\Two Pointer &amp; Sliding Window">
      <UniqueIdentifier>{0d45cf99-857f-4e90-90af-7db60e954322}</UniqueIdentifier>
    </Filter>
    <Filter Include="소스 파일\DP">
      <UniqueIdentifier>{f576f2fb-2ff9-40db-8d71-bca30736e437}</UniqueIdentifier>
    </Filter>
    <Filter Include="소스 파일\수학">
      <UniqueIdentifier>{5c5a2c6c-7c2f-4aa7-99ec-17e391f6af6a}</UniqueIdentifier>
    </Filter>
    <Filter Include="소스 파일\기하">
      <UniqueIdentifier>{eedae927-011d-4eb7-8455-c1678d331a11}</UniqueIdentifier>
    </Filter>
    <Filter Include="소스 파일\Brute-force">
      <UniqueIdentifier>{aeb49172-5aba-43fb-8ed7-45f9fbd173af}</UniqueIdentifier>
    </Filter>
    <Filter Include="소스 파일\Greedy">
      <UniqueIdentifier>{7875bc6a-02ef-4e27-a1b9-fb99cb32ec75}</UniqueIdentifier>
    </Filter>
    <Filter Include="소스 파일\Binary Search">
      <UniqueIdentifier>{ff28c74c-0384-4cc2-a8ab-565fc6c51dbb}</UniqueIdentifier>
    </Filter>
    <Filter Include="소스 파일\Queue">
      <UniqueIdentifier>{4a51b431-64f1-44a7-b7b4-605970e4bb9b}</UniqueIdentifier>
    </Filter>
    <Filter Include="소스 파일\넌센스">
      <UniqueIdentifier>{92c5841d-70fc-4e04-96a0-7e4b0ea55a06}</UniqueIdentifier>
    </Filter>
    <Filter Include="소스 파일\Backtracking">
      <UniqueIdentifier>{77badc69-5c94-466c-9f84-f4f09b99dc3f}</UniqueIdentifier>
    </Filter>
    <Filter Include="소스 파일\LinkedList">
      <UniqueIdentifier>{e46cd666-8248-47f0-b612-42fbe50debc3}</UniqueIdentifier>
    </Filter>
    <Filter Include="소스 파일\Stack">
      <UniqueIdentifier>{9ee6b4e4-53c8-4f46-a33d-f42bb0af0a60}</UniqueIdentifier>
    </Filter>
  </ItemGroup>
  <ItemGroup>
    <ClCompile Include="1924 2007년.cpp">
      <Filter>소스 파일\기초</Filter>
    </ClCompile>
    <ClCompile Include="1977 완전제곱수.cpp">
      <Filter>소스 파일\기초</Filter>
    </ClCompile>
    <ClCompile Include="2003 수들의 합 2.cpp">
      <Filter>소스 파일\기초</Filter>
    </ClCompile>
    <ClCompile Include="2490 윷놀이.cpp">
      <Filter>소스 파일\기초</Filter>
    </ClCompile>
    <ClCompile Include="2577 숫자의 개수.cpp">
      <Filter>소스 파일\기초</Filter>
    </ClCompile>
    <ClCompile Include="2741 N찍기.cpp">
      <Filter>소스 파일\기초</Filter>
    </ClCompile>
    <ClCompile Include="2839 설탕배달.cpp">
      <Filter>소스 파일\기초</Filter>
    </ClCompile>
    <ClCompile Include="2920 음계.cpp">
      <Filter>소스 파일\기초</Filter>
    </ClCompile>
    <ClCompile Include="4344 평균은 넘겠지.cpp">
      <Filter>소스 파일\기초</Filter>
    </ClCompile>
    <ClCompile Include="4673 셀프넘버.cpp">
      <Filter>소스 파일\기초</Filter>
    </ClCompile>
    <ClCompile Include="8393 합.cpp">
      <Filter>소스 파일\기초</Filter>
    </ClCompile>
    <ClCompile Include="9498 시험성적.cpp">
      <Filter>소스 파일\기초</Filter>
    </ClCompile>
    <ClCompile Include="10039 평균 점수.cpp">
      <Filter>소스 파일\기초</Filter>
    </ClCompile>
    <ClCompile Include="10817 세 수.cpp">
      <Filter>소스 파일\기초</Filter>
    </ClCompile>
    <ClCompile Include="10871 X보다 작은 수.cpp">
      <Filter>소스 파일\기초</Filter>
    </ClCompile>
    <ClCompile Include="11718 그대로 출력하기.cpp">
      <Filter>소스 파일\기초</Filter>
    </ClCompile>
    <ClCompile Include="11720 숫자의 합.cpp">
      <Filter>소스 파일\기초</Filter>
    </ClCompile>
    <ClCompile Include="11721 열 개씩 끊어 출력하기.cpp">
      <Filter>소스 파일\기초</Filter>
    </ClCompile>
    <ClCompile Include="15552 빠른 A+B.cpp">
      <Filter>소스 파일\기초</Filter>
    </ClCompile>
    <ClCompile Include="1152 단어의 개수.cpp">
      <Filter>소스 파일\문자열</Filter>
    </ClCompile>
    <ClCompile Include="1157 단어 공부.cpp">
      <Filter>소스 파일\문자열</Filter>
    </ClCompile>
    <ClCompile Include="1316 그룹 단어 체커.cpp">
      <Filter>소스 파일\문자열</Filter>
    </ClCompile>
    <ClCompile Include="2675 문자열 반복.cpp">
      <Filter>소스 파일\문자열</Filter>
    </ClCompile>
    <ClCompile Include="2908 상수.cpp">
      <Filter>소스 파일\문자열</Filter>
    </ClCompile>
    <ClCompile Include="2941 크로아티아 알파벳.cpp">
      <Filter>소스 파일\문자열</Filter>
    </ClCompile>
    <ClCompile Include="5622 다이얼.cpp">
      <Filter>소스 파일\문자열</Filter>
    </ClCompile>
    <ClCompile Include="8958 OX퀴즈.cpp">
      <Filter>소스 파일\문자열</Filter>
    </ClCompile>
    <ClCompile Include="10809 알파벳 찾기.cpp">
      <Filter>소스 파일\문자열</Filter>
    </ClCompile>
    <ClCompile Include="11654 아스키 코드.cpp">
      <Filter>소스 파일\문자열</Filter>
    </ClCompile>
    <ClCompile Include="1786 찾기.cpp">
      <Filter>소스 파일\KMP</Filter>
    </ClCompile>
    <ClCompile Include="2468 안전영역N.cpp">
      <Filter>소스 파일\BFS &amp; DFS</Filter>
    </ClCompile>
    <ClCompile Include="11724 연결 요소의 개수.cpp">
      <Filter>소스 파일\Disjoint-set%28Union Find%29</Filter>
    </ClCompile>
    <ClCompile Include="1629 곱셈.cpp">
      <Filter>소스 파일\Divide &amp; Conquer</Filter>
    </ClCompile>
    <ClCompile Include="2096 내려가기.cpp">
      <Filter>소스 파일\Two Pointer &amp; Sliding Window</Filter>
    </ClCompile>
    <ClCompile Include="2470 두 용액.cpp">
      <Filter>소스 파일\Two Pointer &amp; Sliding Window</Filter>
    </ClCompile>
    <ClCompile Include="1003 피보나치 함수.cpp">
      <Filter>소스 파일\DP</Filter>
    </ClCompile>
    <ClCompile Include="2618 경찰차.cpp">
      <Filter>소스 파일\DP</Filter>
    </ClCompile>
    <ClCompile Include="11051 이항 계수 2.cpp">
      <Filter>소스 파일\DP</Filter>
    </ClCompile>
    <ClCompile Include="11401 이항 계수 3.cpp">
      <Filter>소스 파일\DP</Filter>
    </ClCompile>
    <ClCompile Include="1111 IQ Test.cpp">
      <Filter>소스 파일\수학</Filter>
    </ClCompile>
    <ClCompile Include="9506 약수들의 합.cpp">
      <Filter>소스 파일\수학</Filter>
    </ClCompile>
    <ClCompile Include="9095 1,2,3 더하기.cpp">
      <Filter>소스 파일\DP</Filter>
    </ClCompile>
    <ClCompile Include="1476 날짜 계산.cpp">
      <Filter>소스 파일\수학</Filter>
    </ClCompile>
    <ClCompile Include="2293 동전 1F.cpp">
      <Filter>소스 파일\DP</Filter>
    </ClCompile>
    <ClCompile Include="11563 연돌이와 고잠녀F.cpp">
      <Filter>소스 파일\기하</Filter>
    </ClCompile>
    <ClCompile Include="2309 일곱 난쟁이.cpp">
      <Filter>소스 파일\Brute-force</Filter>
    </ClCompile>
    <ClCompile Include="4796 캠핑.cpp">
      <Filter>소스 파일\Greedy</Filter>
    </ClCompile>
    <ClCompile Include="2231 분해합.cpp">
      <Filter>소스 파일\Brute-force</Filter>
    </ClCompile>
    <ClCompile Include="10448 유레카 이론.cpp">
      <Filter>소스 파일\Brute-force</Filter>
    </ClCompile>
    <ClCompile Include="2164 카드2.cpp">
      <Filter>소스 파일\Queue</Filter>
    </ClCompile>
    <ClCompile Include="1051 숫자 정사각형.cpp">
      <Filter>소스 파일\Brute-force</Filter>
    </ClCompile>
    <ClCompile Include="1463 1로 만들기.cpp">
      <Filter>소스 파일\DP</Filter>
    </ClCompile>
    <ClCompile Include="12096  .cpp">
      <Filter>소스 파일\넌센스</Filter>
    </ClCompile>
    <ClCompile Include="1967 트리의 지름F.cpp">
      <Filter>소스 파일\BFS &amp; DFS</Filter>
    </ClCompile>
    <ClCompile Include="1002 터렛.cpp">
      <Filter>소스 파일\기하</Filter>
    </ClCompile>
    <ClCompile Include="1260 DFS와 BFS.cpp">
      <Filter>소스 파일\BFS &amp; DFS</Filter>
    </ClCompile>
    <ClCompile Include="9465 스티커.cpp">
      <Filter>소스 파일\DP</Filter>
    </ClCompile>
    <ClCompile Include="1182 부분집합의 합.cpp">
      <Filter>소스 파일\Brute-force</Filter>
    </ClCompile>
    <ClCompile Include="2580 스도쿠F.cpp">
      <Filter>소스 파일\Backtracking</Filter>
    </ClCompile>
    <ClCompile Include="2667 단지번호붙이기.cpp">
      <Filter>소스 파일\BFS &amp; DFS</Filter>
    </ClCompile>
    <ClCompile Include="2178 미로탐색.cpp">
      <Filter>소스 파일\BFS &amp; DFS</Filter>
    </ClCompile>
    <ClCompile Include="1389 케빈 베이컨의 6단계 법칙.cpp">
      <Filter>소스 파일\BFS &amp; DFS</Filter>
    </ClCompile>
    <ClCompile Include="1012 유기농 배추F.cpp">
      <Filter>소스 파일\BFS &amp; DFS</Filter>
    </ClCompile>
    <ClCompile Include="1158 조세퍼스 문제.cpp">
      <Filter>소스 파일\LinkedList</Filter>
    </ClCompile>
    <ClCompile Include="9663 N-QueenF.cpp">
      <Filter>소스 파일\Backtracking</Filter>
    </ClCompile>
    <ClCompile Include="1717 집합의 표현.cpp">
      <Filter>소스 파일\Disjoint-set%28Union Find%29</Filter>
    </ClCompile>
    <ClCompile Include="1976 여행가자.cpp">
      <Filter>소스 파일\Disjoint-set%28Union Find%29</Filter>
    </ClCompile>
    <ClCompile Include="1021 회전하는 큐.cpp">
      <Filter>소스 파일\Queue</Filter>
    </ClCompile>
    <ClCompile Include="9012 괄호.cpp">
      <Filter>소스 파일\Stack</Filter>
    </ClCompile>
    <ClCompile Include="1918 후위표기식.cpp">
      <Filter>소스 파일\Stack</Filter>
    </ClCompile>
  </ItemGroup>
  <ItemGroup>
    <Text Include="input.txt">
      <Filter>소스 파일</Filter>
    </Text>
  </ItemGroup>
</Project>